// !$*UTF8*$!
{
	archiveVersion = 1;
	classes = {
	};
	objectVersion = 56;
	objects = {

/* Begin PBXBuildFile section */
		AB45C5EC2AB52AB700216B33 /* LoadView.swift in Sources */ = {isa = PBXBuildFile; fileRef = AB45C5EB2AB52AB700216B33 /* LoadView.swift */; };
		AB45C5EE2AB52AB700216B33 /* AppStartupView.swift in Sources */ = {isa = PBXBuildFile; fileRef = AB45C5ED2AB52AB700216B33 /* AppStartupView.swift */; };
		AB45C5F02AB52AB800216B33 /* Assets.xcassets in Resources */ = {isa = PBXBuildFile; fileRef = AB45C5EF2AB52AB800216B33 /* Assets.xcassets */; };
		AB45C5F32AB52AB800216B33 /* Preview Assets.xcassets in Resources */ = {isa = PBXBuildFile; fileRef = AB45C5F22AB52AB800216B33 /* Preview Assets.xcassets */; };
		AB45C6182AB53E0900216B33 /* MainView.swift in Sources */ = {isa = PBXBuildFile; fileRef = AB45C6172AB53E0900216B33 /* MainView.swift */; };
		AB45C61A2AB5B41C00216B33 /* Words.swift in Sources */ = {isa = PBXBuildFile; fileRef = AB45C6192AB5B41C00216B33 /* Words.swift */; };
		AB45C61C2AB5B6DA00216B33 /* AddNewWordView.swift in Sources */ = {isa = PBXBuildFile; fileRef = AB45C61B2AB5B6DA00216B33 /* AddNewWordView.swift */; };
		AB45C61E2AB5F86A00216B33 /* AllWordsView.swift in Sources */ = {isa = PBXBuildFile; fileRef = AB45C61D2AB5F86A00216B33 /* AllWordsView.swift */; };
/* End PBXBuildFile section */

/* Begin PBXContainerItemProxy section */
		AB45C5F92AB52AB800216B33 /* PBXContainerItemProxy */ = {
			isa = PBXContainerItemProxy;
			containerPortal = AB45C5E02AB52AB700216B33 /* Project object */;
			proxyType = 1;
			remoteGlobalIDString = AB45C5E72AB52AB700216B33;
			remoteInfo = "Test-App";
		};
		AB45C6032AB52AB800216B33 /* PBXContainerItemProxy */ = {
			isa = PBXContainerItemProxy;
			containerPortal = AB45C5E02AB52AB700216B33 /* Project object */;
			proxyType = 1;
			remoteGlobalIDString = AB45C5E72AB52AB700216B33;
			remoteInfo = "Test-App";
		};
/* End PBXContainerItemProxy section */

/* Begin PBXFileReference section */
		AB45C5E82AB52AB700216B33 /* LanguagePracticingApplication.app */ = {isa = PBXFileReference; explicitFileType = wrapper.application; includeInIndex = 0; path = LanguagePracticingApplication.app; sourceTree = BUILT_PRODUCTS_DIR; };
		AB45C5EB2AB52AB700216B33 /* LoadView.swift */ = {isa = PBXFileReference; lastKnownFileType = sourcecode.swift; path = LoadView.swift; sourceTree = "<group>"; };
		AB45C5ED2AB52AB700216B33 /* AppStartupView.swift */ = {isa = PBXFileReference; lastKnownFileType = sourcecode.swift; path = AppStartupView.swift; sourceTree = "<group>"; };
		AB45C5EF2AB52AB800216B33 /* Assets.xcassets */ = {isa = PBXFileReference; lastKnownFileType = folder.assetcatalog; path = Assets.xcassets; sourceTree = "<group>"; };
		AB45C5F22AB52AB800216B33 /* Preview Assets.xcassets */ = {isa = PBXFileReference; lastKnownFileType = folder.assetcatalog; path = "Preview Assets.xcassets"; sourceTree = "<group>"; };
		AB45C5F82AB52AB800216B33 /* LanguagePracticingApplicationTests.xctest */ = {isa = PBXFileReference; explicitFileType = wrapper.cfbundle; includeInIndex = 0; path = LanguagePracticingApplicationTests.xctest; sourceTree = BUILT_PRODUCTS_DIR; };
		AB45C6022AB52AB800216B33 /* LanguagePracticingApplicationUITests.xctest */ = {isa = PBXFileReference; explicitFileType = wrapper.cfbundle; includeInIndex = 0; path = LanguagePracticingApplicationUITests.xctest; sourceTree = BUILT_PRODUCTS_DIR; };
		AB45C6172AB53E0900216B33 /* MainView.swift */ = {isa = PBXFileReference; lastKnownFileType = sourcecode.swift; name = MainView.swift; path = ../MainView.swift; sourceTree = "<group>"; };
		AB45C6192AB5B41C00216B33 /* Words.swift */ = {isa = PBXFileReference; lastKnownFileType = sourcecode.swift; path = Words.swift; sourceTree = "<group>"; };
		AB45C61B2AB5B6DA00216B33 /* AddNewWordView.swift */ = {isa = PBXFileReference; lastKnownFileType = sourcecode.swift; path = AddNewWordView.swift; sourceTree = "<group>"; };
		AB45C61D2AB5F86A00216B33 /* AllWordsView.swift */ = {isa = PBXFileReference; lastKnownFileType = sourcecode.swift; path = AllWordsView.swift; sourceTree = "<group>"; };
/* End PBXFileReference section */

/* Begin PBXFrameworksBuildPhase section */
		AB45C5E52AB52AB700216B33 /* Frameworks */ = {
			isa = PBXFrameworksBuildPhase;
			buildActionMask = 2147483647;
			files = (
			);
			runOnlyForDeploymentPostprocessing = 0;
		};
		AB45C5F52AB52AB800216B33 /* Frameworks */ = {
			isa = PBXFrameworksBuildPhase;
			buildActionMask = 2147483647;
			files = (
			);
			runOnlyForDeploymentPostprocessing = 0;
		};
		AB45C5FF2AB52AB800216B33 /* Frameworks */ = {
			isa = PBXFrameworksBuildPhase;
			buildActionMask = 2147483647;
			files = (
			);
			runOnlyForDeploymentPostprocessing = 0;
		};
/* End PBXFrameworksBuildPhase section */

/* Begin PBXGroup section */
		AB45C5DF2AB52AB700216B33 = {
			isa = PBXGroup;
			children = (
				AB45C5EA2AB52AB700216B33 /* LanguagePracticingApplication */,
				AB45C5E92AB52AB700216B33 /* Products */,
			);
			sourceTree = "<group>";
		};
		AB45C5E92AB52AB700216B33 /* Products */ = {
			isa = PBXGroup;
			children = (
				AB45C5E82AB52AB700216B33 /* LanguagePracticingApplication.app */,
				AB45C5F82AB52AB800216B33 /* LanguagePracticingApplicationTests.xctest */,
				AB45C6022AB52AB800216B33 /* LanguagePracticingApplicationUITests.xctest */,
			);
			name = Products;
			sourceTree = "<group>";
		};
		AB45C5EA2AB52AB700216B33 /* LanguagePracticingApplication */ = {
			isa = PBXGroup;
			children = (
				AB45C5EB2AB52AB700216B33 /* LoadView.swift */,
				AB45C5ED2AB52AB700216B33 /* AppStartupView.swift */,
				AB45C6172AB53E0900216B33 /* MainView.swift */,
				AB45C61B2AB5B6DA00216B33 /* AddNewWordView.swift */,
				AB45C61D2AB5F86A00216B33 /* AllWordsView.swift */,
				AB45C6192AB5B41C00216B33 /* Words.swift */,
				AB45C5EF2AB52AB800216B33 /* Assets.xcassets */,
				AB45C5F12AB52AB800216B33 /* Preview Content */,
			);
			path = LanguagePracticingApplication;
			sourceTree = "<group>";
		};
		AB45C5F12AB52AB800216B33 /* Preview Content */ = {
			isa = PBXGroup;
			children = (
				AB45C5F22AB52AB800216B33 /* Preview Assets.xcassets */,
			);
			path = "Preview Content";
			sourceTree = "<group>";
		};
/* End PBXGroup section */

/* Begin PBXNativeTarget section */
		AB45C5E72AB52AB700216B33 /* LanguagePracticingApplication */ = {
			isa = PBXNativeTarget;
			buildConfigurationList = AB45C60C2AB52AB800216B33 /* Build configuration list for PBXNativeTarget "LanguagePracticingApplication" */;
			buildPhases = (
				AB45C5E42AB52AB700216B33 /* Sources */,
				AB45C5E52AB52AB700216B33 /* Frameworks */,
				AB45C5E62AB52AB700216B33 /* Resources */,
			);
			buildRules = (
			);
			dependencies = (
			);
			name = LanguagePracticingApplication;
			productName = "Test-App";
			productReference = AB45C5E82AB52AB700216B33 /* LanguagePracticingApplication.app */;
			productType = "com.apple.product-type.application";
		};
		AB45C5F72AB52AB800216B33 /* LanguagePracticingApplicationTests */ = {
			isa = PBXNativeTarget;
			buildConfigurationList = AB45C60F2AB52AB800216B33 /* Build configuration list for PBXNativeTarget "LanguagePracticingApplicationTests" */;
			buildPhases = (
				AB45C5F42AB52AB800216B33 /* Sources */,
				AB45C5F52AB52AB800216B33 /* Frameworks */,
				AB45C5F62AB52AB800216B33 /* Resources */,
			);
			buildRules = (
			);
			dependencies = (
				AB45C5FA2AB52AB800216B33 /* PBXTargetDependency */,
			);
			name = LanguagePracticingApplicationTests;
			productName = "Test-AppTests";
			productReference = AB45C5F82AB52AB800216B33 /* LanguagePracticingApplicationTests.xctest */;
			productType = "com.apple.product-type.bundle.unit-test";
		};
		AB45C6012AB52AB800216B33 /* LanguagePracticingApplicationUITests */ = {
			isa = PBXNativeTarget;
			buildConfigurationList = AB45C6122AB52AB800216B33 /* Build configuration list for PBXNativeTarget "LanguagePracticingApplicationUITests" */;
			buildPhases = (
				AB45C5FE2AB52AB800216B33 /* Sources */,
				AB45C5FF2AB52AB800216B33 /* Frameworks */,
				AB45C6002AB52AB800216B33 /* Resources */,
			);
			buildRules = (
			);
			dependencies = (
				AB45C6042AB52AB800216B33 /* PBXTargetDependency */,
			);
			name = LanguagePracticingApplicationUITests;
			productName = "Test-AppUITests";
			productReference = AB45C6022AB52AB800216B33 /* LanguagePracticingApplicationUITests.xctest */;
			productType = "com.apple.product-type.bundle.ui-testing";
		};
/* End PBXNativeTarget section */

/* Begin PBXProject section */
		AB45C5E02AB52AB700216B33 /* Project object */ = {
			isa = PBXProject;
			attributes = {
				BuildIndependentTargetsInParallel = 1;
				LastSwiftUpdateCheck = 1430;
				LastUpgradeCheck = 1430;
				TargetAttributes = {
					AB45C5E72AB52AB700216B33 = {
						CreatedOnToolsVersion = 14.3.1;
					};
					AB45C5F72AB52AB800216B33 = {
						CreatedOnToolsVersion = 14.3.1;
						TestTargetID = AB45C5E72AB52AB700216B33;
					};
					AB45C6012AB52AB800216B33 = {
						CreatedOnToolsVersion = 14.3.1;
						TestTargetID = AB45C5E72AB52AB700216B33;
					};
				};
			};
			buildConfigurationList = AB45C5E32AB52AB700216B33 /* Build configuration list for PBXProject "LanguagePracticingApplication" */;
			compatibilityVersion = "Xcode 14.0";
			developmentRegion = en;
			hasScannedForEncodings = 0;
			knownRegions = (
				en,
				Base,
			);
			mainGroup = AB45C5DF2AB52AB700216B33;
			productRefGroup = AB45C5E92AB52AB700216B33 /* Products */;
			projectDirPath = "";
			projectRoot = "";
			targets = (
				AB45C5E72AB52AB700216B33 /* LanguagePracticingApplication */,
				AB45C5F72AB52AB800216B33 /* LanguagePracticingApplicationTests */,
				AB45C6012AB52AB800216B33 /* LanguagePracticingApplicationUITests */,
			);
		};
/* End PBXProject section */

/* Begin PBXResourcesBuildPhase section */
		AB45C5E62AB52AB700216B33 /* Resources */ = {
			isa = PBXResourcesBuildPhase;
			buildActionMask = 2147483647;
			files = (
				AB45C5F32AB52AB800216B33 /* Preview Assets.xcassets in Resources */,
				AB45C5F02AB52AB800216B33 /* Assets.xcassets in Resources */,
			);
			runOnlyForDeploymentPostprocessing = 0;
		};
		AB45C5F62AB52AB800216B33 /* Resources */ = {
			isa = PBXResourcesBuildPhase;
			buildActionMask = 2147483647;
			files = (
			);
			runOnlyForDeploymentPostprocessing = 0;
		};
		AB45C6002AB52AB800216B33 /* Resources */ = {
			isa = PBXResourcesBuildPhase;
			buildActionMask = 2147483647;
			files = (
			);
			runOnlyForDeploymentPostprocessing = 0;
		};
/* End PBXResourcesBuildPhase section */

/* Begin PBXSourcesBuildPhase section */
		AB45C5E42AB52AB700216B33 /* Sources */ = {
			isa = PBXSourcesBuildPhase;
			buildActionMask = 2147483647;
			files = (
				AB45C5EE2AB52AB700216B33 /* AppStartupView.swift in Sources */,
				AB45C61A2AB5B41C00216B33 /* Words.swift in Sources */,
				AB45C6182AB53E0900216B33 /* MainView.swift in Sources */,
				AB45C61C2AB5B6DA00216B33 /* AddNewWordView.swift in Sources */,
				AB45C61E2AB5F86A00216B33 /* AllWordsView.swift in Sources */,
				AB45C5EC2AB52AB700216B33 /* LoadView.swift in Sources */,
			);
			runOnlyForDeploymentPostprocessing = 0;
		};
		AB45C5F42AB52AB800216B33 /* Sources */ = {
			isa = PBXSourcesBuildPhase;
			buildActionMask = 2147483647;
			files = (
			);
			runOnlyForDeploymentPostprocessing = 0;
		};
		AB45C5FE2AB52AB800216B33 /* Sources */ = {
			isa = PBXSourcesBuildPhase;
			buildActionMask = 2147483647;
			files = (
			);
			runOnlyForDeploymentPostprocessing = 0;
		};
/* End PBXSourcesBuildPhase section */

/* Begin PBXTargetDependency section */
		AB45C5FA2AB52AB800216B33 /* PBXTargetDependency */ = {
			isa = PBXTargetDependency;
			target = AB45C5E72AB52AB700216B33 /* LanguagePracticingApplication */;
			targetProxy = AB45C5F92AB52AB800216B33 /* PBXContainerItemProxy */;
		};
		AB45C6042AB52AB800216B33 /* PBXTargetDependency */ = {
			isa = PBXTargetDependency;
			target = AB45C5E72AB52AB700216B33 /* LanguagePracticingApplication */;
			targetProxy = AB45C6032AB52AB800216B33 /* PBXContainerItemProxy */;
		};
/* End PBXTargetDependency section */

/* Begin XCBuildConfiguration section */
		AB45C60A2AB52AB800216B33 /* Debug */ = {
			isa = XCBuildConfiguration;
			buildSettings = {
				ALWAYS_SEARCH_USER_PATHS = NO;
				CLANG_ANALYZER_NONNULL = YES;
				CLANG_ANALYZER_NUMBER_OBJECT_CONVERSION = YES_AGGRESSIVE;
				CLANG_CXX_LANGUAGE_STANDARD = "gnu++20";
				CLANG_ENABLE_MODULES = YES;
				CLANG_ENABLE_OBJC_ARC = YES;
				CLANG_ENABLE_OBJC_WEAK = YES;
				CLANG_WARN_BLOCK_CAPTURE_AUTORELEASING = YES;
				CLANG_WARN_BOOL_CONVERSION = YES;
				CLANG_WARN_COMMA = YES;
				CLANG_WARN_CONSTANT_CONVERSION = YES;
				CLANG_WARN_DEPRECATED_OBJC_IMPLEMENTATIONS = YES;
				CLANG_WARN_DIRECT_OBJC_ISA_USAGE = YES_ERROR;
				CLANG_WARN_DOCUMENTATION_COMMENTS = YES;
				CLANG_WARN_EMPTY_BODY = YES;
				CLANG_WARN_ENUM_CONVERSION = YES;
				CLANG_WARN_INFINITE_RECURSION = YES;
				CLANG_WARN_INT_CONVERSION = YES;
				CLANG_WARN_NON_LITERAL_NULL_CONVERSION = YES;
				CLANG_WARN_OBJC_IMPLICIT_RETAIN_SELF = YES;
				CLANG_WARN_OBJC_LITERAL_CONVERSION = YES;
				CLANG_WARN_OBJC_ROOT_CLASS = YES_ERROR;
				CLANG_WARN_QUOTED_INCLUDE_IN_FRAMEWORK_HEADER = YES;
				CLANG_WARN_RANGE_LOOP_ANALYSIS = YES;
				CLANG_WARN_STRICT_PROTOTYPES = YES;
				CLANG_WARN_SUSPICIOUS_MOVE = YES;
				CLANG_WARN_UNGUARDED_AVAILABILITY = YES_AGGRESSIVE;
				CLANG_WARN_UNREACHABLE_CODE = YES;
				CLANG_WARN__DUPLICATE_METHOD_MATCH = YES;
				COPY_PHASE_STRIP = NO;
				DEBUG_INFORMATION_FORMAT = dwarf;
				ENABLE_STRICT_OBJC_MSGSEND = YES;
				ENABLE_TESTABILITY = YES;
				GCC_C_LANGUAGE_STANDARD = gnu11;
				GCC_DYNAMIC_NO_PIC = NO;
				GCC_NO_COMMON_BLOCKS = YES;
				GCC_OPTIMIZATION_LEVEL = 0;
				GCC_PREPROCESSOR_DEFINITIONS = (
					"DEBUG=1",
					"$(inherited)",
				);
				GCC_WARN_64_TO_32_BIT_CONVERSION = YES;
				GCC_WARN_ABOUT_RETURN_TYPE = YES_ERROR;
				GCC_WARN_UNDECLARED_SELECTOR = YES;
				GCC_WARN_UNINITIALIZED_AUTOS = YES_AGGRESSIVE;
				GCC_WARN_UNUSED_FUNCTION = YES;
				GCC_WARN_UNUSED_VARIABLE = YES;
				IPHONEOS_DEPLOYMENT_TARGET = 16.4;
				MTL_ENABLE_DEBUG_INFO = INCLUDE_SOURCE;
				MTL_FAST_MATH = YES;
				ONLY_ACTIVE_ARCH = YES;
				SDKROOT = iphoneos;
				SWIFT_ACTIVE_COMPILATION_CONDITIONS = DEBUG;
				SWIFT_OPTIMIZATION_LEVEL = "-Onone";
			};
			name = Debug;
		};
		AB45C60B2AB52AB800216B33 /* Release */ = {
			isa = XCBuildConfiguration;
			buildSettings = {
				ALWAYS_SEARCH_USER_PATHS = NO;
				CLANG_ANALYZER_NONNULL = YES;
				CLANG_ANALYZER_NUMBER_OBJECT_CONVERSION = YES_AGGRESSIVE;
				CLANG_CXX_LANGUAGE_STANDARD = "gnu++20";
				CLANG_ENABLE_MODULES = YES;
				CLANG_ENABLE_OBJC_ARC = YES;
				CLANG_ENABLE_OBJC_WEAK = YES;
				CLANG_WARN_BLOCK_CAPTURE_AUTORELEASING = YES;
				CLANG_WARN_BOOL_CONVERSION = YES;
				CLANG_WARN_COMMA = YES;
				CLANG_WARN_CONSTANT_CONVERSION = YES;
				CLANG_WARN_DEPRECATED_OBJC_IMPLEMENTATIONS = YES;
				CLANG_WARN_DIRECT_OBJC_ISA_USAGE = YES_ERROR;
				CLANG_WARN_DOCUMENTATION_COMMENTS = YES;
				CLANG_WARN_EMPTY_BODY = YES;
				CLANG_WARN_ENUM_CONVERSION = YES;
				CLANG_WARN_INFINITE_RECURSION = YES;
				CLANG_WARN_INT_CONVERSION = YES;
				CLANG_WARN_NON_LITERAL_NULL_CONVERSION = YES;
				CLANG_WARN_OBJC_IMPLICIT_RETAIN_SELF = YES;
				CLANG_WARN_OBJC_LITERAL_CONVERSION = YES;
				CLANG_WARN_OBJC_ROOT_CLASS = YES_ERROR;
				CLANG_WARN_QUOTED_INCLUDE_IN_FRAMEWORK_HEADER = YES;
				CLANG_WARN_RANGE_LOOP_ANALYSIS = YES;
				CLANG_WARN_STRICT_PROTOTYPES = YES;
				CLANG_WARN_SUSPICIOUS_MOVE = YES;
				CLANG_WARN_UNGUARDED_AVAILABILITY = YES_AGGRESSIVE;
				CLANG_WARN_UNREACHABLE_CODE = YES;
				CLANG_WARN__DUPLICATE_METHOD_MATCH = YES;
				COPY_PHASE_STRIP = NO;
				DEBUG_INFORMATION_FORMAT = "dwarf-with-dsym";
				ENABLE_NS_ASSERTIONS = NO;
				ENABLE_STRICT_OBJC_MSGSEND = YES;
				GCC_C_LANGUAGE_STANDARD = gnu11;
				GCC_NO_COMMON_BLOCKS = YES;
				GCC_WARN_64_TO_32_BIT_CONVERSION = YES;
				GCC_WARN_ABOUT_RETURN_TYPE = YES_ERROR;
				GCC_WARN_UNDECLARED_SELECTOR = YES;
				GCC_WARN_UNINITIALIZED_AUTOS = YES_AGGRESSIVE;
				GCC_WARN_UNUSED_FUNCTION = YES;
				GCC_WARN_UNUSED_VARIABLE = YES;
				IPHONEOS_DEPLOYMENT_TARGET = 16.4;
				MTL_ENABLE_DEBUG_INFO = NO;
				MTL_FAST_MATH = YES;
				SDKROOT = iphoneos;
				SWIFT_COMPILATION_MODE = wholemodule;
				SWIFT_OPTIMIZATION_LEVEL = "-O";
				VALIDATE_PRODUCT = YES;
			};
			name = Release;
		};
		AB45C60D2AB52AB800216B33 /* Debug */ = {
			isa = XCBuildConfiguration;
			buildSettings = {
				ASSETCATALOG_COMPILER_APPICON_NAME = AppIcon;
				ASSETCATALOG_COMPILER_GLOBAL_ACCENT_COLOR_NAME = AccentColor;
				CODE_SIGN_STYLE = Automatic;
				CURRENT_PROJECT_VERSION = 1;
				DEVELOPMENT_ASSET_PATHS = "\"LanguagePracticingApplication/Preview Content\"";
				DEVELOPMENT_TEAM = 4JXC249ZGL;
				ENABLE_PREVIEWS = YES;
				GENERATE_INFOPLIST_FILE = YES;
				INFOPLIST_KEY_UIApplicationSceneManifest_Generation = YES;
				INFOPLIST_KEY_UIApplicationSupportsIndirectInputEvents = YES;
				INFOPLIST_KEY_UILaunchScreen_Generation = YES;
				INFOPLIST_KEY_UISupportedInterfaceOrientations_iPad = "UIInterfaceOrientationPortrait UIInterfaceOrientationPortraitUpsideDown UIInterfaceOrientationLandscapeLeft UIInterfaceOrientationLandscapeRight";
				INFOPLIST_KEY_UISupportedInterfaceOrientations_iPhone = "UIInterfaceOrientationPortrait UIInterfaceOrientationLandscapeLeft UIInterfaceOrientationLandscapeRight";
				IPHONEOS_DEPLOYMENT_TARGET = 16.4;
				LD_RUNPATH_SEARCH_PATHS = (
					"$(inherited)",
					"@executable_path/Frameworks",
				);
				MARKETING_VERSION = 1.0;
				PRODUCT_BUNDLE_IDENTIFIER = "SaharYehezkel.Test-App";
				PRODUCT_NAME = "$(TARGET_NAME)";
				SWIFT_EMIT_LOC_STRINGS = YES;
				SWIFT_VERSION = 5.0;
				TARGETED_DEVICE_FAMILY = "1,2";
			};
			name = Debug;
		};
		AB45C60E2AB52AB800216B33 /* Release */ = {
			isa = XCBuildConfiguration;
			buildSettings = {
				ASSETCATALOG_COMPILER_APPICON_NAME = AppIcon;
				ASSETCATALOG_COMPILER_GLOBAL_ACCENT_COLOR_NAME = AccentColor;
				CODE_SIGN_STYLE = Automatic;
				CURRENT_PROJECT_VERSION = 1;
				DEVELOPMENT_ASSET_PATHS = "\"LanguagePracticingApplication/Preview Content\"";
				DEVELOPMENT_TEAM = 4JXC249ZGL;
				ENABLE_PREVIEWS = YES;
				GENERATE_INFOPLIST_FILE = YES;
				INFOPLIST_KEY_UIApplicationSceneManifest_Generation = YES;
				INFOPLIST_KEY_UIApplicationSupportsIndirectInputEvents = YES;
				INFOPLIST_KEY_UILaunchScreen_Generation = YES;
				INFOPLIST_KEY_UISupportedInterfaceOrientations_iPad = "UIInterfaceOrientationPortrait UIInterfaceOrientationPortraitUpsideDown UIInterfaceOrientationLandscapeLeft UIInterfaceOrientationLandscapeRight";
				INFOPLIST_KEY_UISupportedInterfaceOrientations_iPhone = "UIInterfaceOrientationPortrait UIInterfaceOrientationLandscapeLeft UIInterfaceOrientationLandscapeRight";
				IPHONEOS_DEPLOYMENT_TARGET = 16.4;
				LD_RUNPATH_SEARCH_PATHS = (
					"$(inherited)",
					"@executable_path/Frameworks",
				);
				MARKETING_VERSION = 1.0;
				PRODUCT_BUNDLE_IDENTIFIER = "SaharYehezkel.Test-App";
				PRODUCT_NAME = "$(TARGET_NAME)";
				SWIFT_EMIT_LOC_STRINGS = YES;
				SWIFT_VERSION = 5.0;
				TARGETED_DEVICE_FAMILY = "1,2";
			};
			name = Release;
		};
		AB45C6102AB52AB800216B33 /* Debug */ = {
			isa = XCBuildConfiguration;
			buildSettings = {
				ALWAYS_EMBED_SWIFT_STANDARD_LIBRARIES = YES;
				BUNDLE_LOADER = "$(TEST_HOST)";
				CODE_SIGN_STYLE = Automatic;
				CURRENT_PROJECT_VERSION = 1;
				DEVELOPMENT_TEAM = 4JXC249ZGL;
				GENERATE_INFOPLIST_FILE = YES;
				IPHONEOS_DEPLOYMENT_TARGET = 16.4;
				MARKETING_VERSION = 1.0;
				PRODUCT_BUNDLE_IDENTIFIER = "SaharYehezkel.Test-AppTests";
				PRODUCT_NAME = "$(TARGET_NAME)";
				SWIFT_EMIT_LOC_STRINGS = NO;
				SWIFT_VERSION = 5.0;
				TARGETED_DEVICE_FAMILY = "1,2";
				TEST_HOST = "$(BUILT_PRODUCTS_DIR)/LanguagePracticingApplication.app/$(BUNDLE_EXECUTABLE_FOLDER_PATH)/LanguagePracticingApplication";
			};
			name = Debug;
		};
		AB45C6112AB52AB800216B33 /* Release */ = {
			isa = XCBuildConfiguration;
			buildSettings = {
				ALWAYS_EMBED_SWIFT_STANDARD_LIBRARIES = YES;
				BUNDLE_LOADER = "$(TEST_HOST)";
				CODE_SIGN_STYLE = Automatic;
				CURRENT_PROJECT_VERSION = 1;
				DEVELOPMENT_TEAM = 4JXC249ZGL;
				GENERATE_INFOPLIST_FILE = YES;
				IPHONEOS_DEPLOYMENT_TARGET = 16.4;
				MARKETING_VERSION = 1.0;
				PRODUCT_BUNDLE_IDENTIFIER = "SaharYehezkel.Test-AppTests";
				PRODUCT_NAME = "$(TARGET_NAME)";
				SWIFT_EMIT_LOC_STRINGS = NO;
				SWIFT_VERSION = 5.0;
				TARGETED_DEVICE_FAMILY = "1,2";
				TEST_HOST = "$(BUILT_PRODUCTS_DIR)/LanguagePracticingApplication.app/$(BUNDLE_EXECUTABLE_FOLDER_PATH)/LanguagePracticingApplication";
			};
			name = Release;
		};
		AB45C6132AB52AB800216B33 /* Debug */ = {
			isa = XCBuildConfiguration;
			buildSettings = {
				ALWAYS_EMBED_SWIFT_STANDARD_LIBRARIES = YES;
				CODE_SIGN_STYLE = Automatic;
				CURRENT_PROJECT_VERSION = 1;
				DEVELOPMENT_TEAM = 4JXC249ZGL;
				GENERATE_INFOPLIST_FILE = YES;
				MARKETING_VERSION = 1.0;
				PRODUCT_BUNDLE_IDENTIFIER = "SaharYehezkel.Test-AppUITests";
				PRODUCT_NAME = "$(TARGET_NAME)";
				SWIFT_EMIT_LOC_STRINGS = NO;
				SWIFT_VERSION = 5.0;
				TARGETED_DEVICE_FAMILY = "1,2";
				TEST_TARGET_NAME = "Test-App";
			};
			name = Debug;
		};
		AB45C6142AB52AB800216B33 /* Release */ = {
			isa = XCBuildConfiguration;
			buildSettings = {
				ALWAYS_EMBED_SWIFT_STANDARD_LIBRARIES = YES;
				CODE_SIGN_STYLE = Automatic;
				CURRENT_PROJECT_VERSION = 1;
				DEVELOPMENT_TEAM = 4JXC249ZGL;
				GENERATE_INFOPLIST_FILE = YES;
				MARKETING_VERSION = 1.0;
				PRODUCT_BUNDLE_IDENTIFIER = "SaharYehezkel.Test-AppUITests";
				PRODUCT_NAME = "$(TARGET_NAME)";
				SWIFT_EMIT_LOC_STRINGS = NO;
				SWIFT_VERSION = 5.0;
				TARGETED_DEVICE_FAMILY = "1,2";
				TEST_TARGET_NAME = "Test-App";
			};
			name = Release;
		};
/* End XCBuildConfiguration section */

/* Begin XCConfigurationList section */
		AB45C5E32AB52AB700216B33 /* Build configuration list for PBXProject "LanguagePracticingApplication" */ = {
			isa = XCConfigurationList;
			buildConfigurations = (
				AB45C60A2AB52AB800216B33 /* Debug */,
				AB45C60B2AB52AB800216B33 /* Release */,
			);
			defaultConfigurationIsVisible = 0;
			defaultConfigurationName = Release;
		};
		AB45C60C2AB52AB800216B33 /* Build configuration list for PBXNativeTarget "LanguagePracticingApplication" */ = {
			isa = XCConfigurationList;
			buildConfigurations = (
				AB45C60D2AB52AB800216B33 /* Debug */,
				AB45C60E2AB52AB800216B33 /* Release */,
			);
			defaultConfigurationIsVisible = 0;
			defaultConfigurationName = Release;
		};
		AB45C60F2AB52AB800216B33 /* Build configuration list for PBXNativeTarget "LanguagePracticingApplicationTests" */ = {
			isa = XCConfigurationList;
			buildConfigurations = (
				AB45C6102AB52AB800216B33 /* Debug */,
				AB45C6112AB52AB800216B33 /* Release */,
			);
			defaultConfigurationIsVisible = 0;
			defaultConfigurationName = Release;
		};
		AB45C6122AB52AB800216B33 /* Build configuration list for PBXNativeTarget "LanguagePracticingApplicationUITests" */ = {
			isa = XCConfigurationList;
			buildConfigurations = (
				AB45C6132AB52AB800216B33 /* Debug */,
				AB45C6142AB52AB800216B33 /* Release */,
			);
			defaultConfigurationIsVisible = 0;
			defaultConfigurationName = Release;
		};
/* End XCConfigurationList section */
	};
	rootObject = AB45C5E02AB52AB700216B33 /* Project object */;
}
